
Microsoft Visual Studio Solution File, Format Version 12.00
# Visual Studio Version 16
VisualStudioVersion = 16.0.30907.101
MinimumVisualStudioVersion = 10.0.40219.1
Project("{FAE04EC0-301F-11D3-BF4B-00C04F79EFBC}") = "OPG4REST", "OPG4REST\OPG4REST.csproj", "{884B355C-8624-4C06-83E3-FBD8C2C30F93}"
EndProject
Global
	GlobalSection(SolutionConfigurationPlatforms) = preSolution
		Debug|Any CPU = Debug|Any CPU
		Release|Any CPU = Release|Any CPU
	EndGlobalSection
	GlobalSection(ProjectConfigurationPlatforms) = postSolution
		{884B355C-8624-4C06-83E3-FBD8C2C30F93}.Debug|Any CPU.ActiveCfg = Debug|Any CPU
		{884B355C-8624-4C06-83E3-FBD8C2C30F93}.Debug|Any CPU.Build.0 = Debug|Any CPU
		{884B355C-8624-4C06-83E3-FBD8C2C30F93}.Release|Any CPU.ActiveCfg = Release|Any CPU
		{884B355C-8624-4C06-83E3-FBD8C2C30F93}.Release|Any CPU.Build.0 = Release|Any CPU
	EndGlobalSection
	GlobalSection(SolutionProperties) = preSolution
		HideSolutionNode = FALSE
	EndGlobalSection
	GlobalSection(ExtensibilityGlobals) = postSolution
		SolutionGuid = {6FD37F17-1ADA-4C98-840E-6CDD617BC384}
	EndGlobalSection
EndGlobal
